
Microsoft Visual Studio Solution File, Format Version 12.00
# Visual Studio Version 16
VisualStudioVersion = 16.0.29911.84
MinimumVisualStudioVersion = 10.0.40219.1
Project("{FAE04EC0-301F-11D3-BF4B-00C04F79EFBC}") = "Geometry2", "Geometry2\Geometry2.csproj", "{027B2BD7-DEFB-4749-AAC6-B9E09F2BEE40}"
EndProject
Global
	GlobalSection(SolutionConfigurationPlatforms) = preSolution
		Debug|Any CPU = Debug|Any CPU
		Release|Any CPU = Release|Any CPU
	EndGlobalSection
	GlobalSection(ProjectConfigurationPlatforms) = postSolution
		{027B2BD7-DEFB-4749-AAC6-B9E09F2BEE40}.Debug|Any CPU.ActiveCfg = Debug|Any CPU
		{027B2BD7-DEFB-4749-AAC6-B9E09F2BEE40}.Debug|Any CPU.Build.0 = Debug|Any CPU
		{027B2BD7-DEFB-4749-AAC6-B9E09F2BEE40}.Release|Any CPU.ActiveCfg = Release|Any CPU
		{027B2BD7-DEFB-4749-AAC6-B9E09F2BEE40}.Release|Any CPU.Build.0 = Release|Any CPU
	EndGlobalSection
	GlobalSection(SolutionProperties) = preSolution
		HideSolutionNode = FALSE
	EndGlobalSection
	GlobalSection(ExtensibilityGlobals) = postSolution
		SolutionGuid = {A379A8CB-1412-4578-9501-3ADE0129464C}
	EndGlobalSection
EndGlobal
